
Microsoft Visual Studio Solution File, Format Version 12.00
# Visual Studio Version 16
VisualStudioVersion = 16.0.30523.141
MinimumVisualStudioVersion = 10.0.40219.1
Project("{FAE04EC0-301F-11D3-BF4B-00C04F79EFBC}") = "ООЗГТ солдаты", "ООЗГТ солдаты.csproj", "{B3F92BFB-0D03-4A3F-A44B-8C32A8EBA35E}"
EndProject
Global
	GlobalSection(SolutionConfigurationPlatforms) = preSolution
		Debug|Any CPU = Debug|Any CPU
		Release|Any CPU = Release|Any CPU
	EndGlobalSection
	GlobalSection(ProjectConfigurationPlatforms) = postSolution
		{B3F92BFB-0D03-4A3F-A44B-8C32A8EBA35E}.Debug|Any CPU.ActiveCfg = Debug|Any CPU
		{B3F92BFB-0D03-4A3F-A44B-8C32A8EBA35E}.Debug|Any CPU.Build.0 = Debug|Any CPU
		{B3F92BFB-0D03-4A3F-A44B-8C32A8EBA35E}.Release|Any CPU.ActiveCfg = Release|Any CPU
		{B3F92BFB-0D03-4A3F-A44B-8C32A8EBA35E}.Release|Any CPU.Build.0 = Release|Any CPU
	EndGlobalSection
	GlobalSection(SolutionProperties) = preSolution
		HideSolutionNode = FALSE
	EndGlobalSection
	GlobalSection(ExtensibilityGlobals) = postSolution
		SolutionGuid = {C0B26EBB-CC2A-480D-B664-96D5E7D7C7AE}
	EndGlobalSection
EndGlobal
